PODS:
  - Adjust (4.29.7):
    - Adjust/Core (= 4.29.7)
  - Adjust/Core (4.29.7)
  - RudderAdjust (1.0.0):
    - Adjust (= 4.29.7)
    - RudderStack
  - RudderStack (1.0.0-beta.3)

DEPENDENCIES:
  - Adjust (= 4.29.7)
  - RudderAdjust (from `.`)
  - RudderStack (from `~/Documents/Rudder/RudderStack-Swift/`)

SPEC REPOS:
  trunk:
    - Adjust

EXTERNAL SOURCES:
  RudderAdjust:
    :path: "."
  RudderStack:
    :path: "~/Documents/Rudder/RudderStack-Swift/"

SPEC CHECKSUMS:
  Adjust: 91a06a01e4bb35b432e26b5d5bb8995b95fc381c
  RudderAdjust: e301c7c3c7a61d880bf974708d033608f6774fca
  RudderStack: 7e120a03736b0021f56a504c0966b95ffa9f5bcb

PODFILE CHECKSUM: d27f4845e384dc28f7833dac7bc48038bb6aeb0e

COCOAPODS: 1.11.2
