PODS:
  - Adjust (4.29.7):
    - Adjust/Core (= 4.29.7)
  - Adjust/Core (4.29.7)
  - Rudder (2.4.0)
  - RudderAdjust (1.1.0):
    - Adjust (= 4.29.7)
    - Rudder (~> 2.0)

DEPENDENCIES:
  - Adjust (= 4.29.7)
  - Rudder (~> 2.0)
  - RudderAdjust (from `.`)

SPEC REPOS:
  https://github.com/CocoaPods/Specs.git:
    - Adjust
    - Rudder

EXTERNAL SOURCES:
  RudderAdjust:
    :path: "."

SPEC CHECKSUMS:
  Adjust: 91a06a01e4bb35b432e26b5d5bb8995b95fc381c
  Rudder: 7595af0282d02a88dd61816415d4b28cba16a195
  RudderAdjust: 76f010ff61e6d371e013772631df5a172a943ab3

PODFILE CHECKSUM: 1e9cf4b69f57a862bdbbbeba25bfce8809386f7b

COCOAPODS: 1.12.1
